
Microsoft Visual Studio Solution File, Format Version 12.00
# Visual Studio Version 17
VisualStudioVersion = 17.11.35208.52
MinimumVisualStudioVersion = 10.0.40219.1
Project("{FAE04EC0-301F-11D3-BF4B-00C04F79EFBC}") = "ECommerceApplication", "ECommerceApplication\ECommerceApplication.csproj", "{A00B4698-AD5C-4F8D-8DA6-22846973EB83}"
EndProject
Global
	GlobalSection(SolutionConfigurationPlatforms) = preSolution
		Debug|Any CPU = Debug|Any CPU
		Release|Any CPU = Release|Any CPU
	EndGlobalSection
	GlobalSection(ProjectConfigurationPlatforms) = postSolution
		{A00B4698-AD5C-4F8D-8DA6-22846973EB83}.Debug|Any CPU.ActiveCfg = Debug|Any CPU
		{A00B4698-AD5C-4F8D-8DA6-22846973EB83}.Debug|Any CPU.Build.0 = Debug|Any CPU
		{A00B4698-AD5C-4F8D-8DA6-22846973EB83}.Release|Any CPU.ActiveCfg = Release|Any CPU
		{A00B4698-AD5C-4F8D-8DA6-22846973EB83}.Release|Any CPU.Build.0 = Release|Any CPU
	EndGlobalSection
	GlobalSection(SolutionProperties) = preSolution
		HideSolutionNode = FALSE
	EndGlobalSection
	GlobalSection(ExtensibilityGlobals) = postSolution
		SolutionGuid = {745DDC3D-15FC-4C25-BAF7-7FDED7C8E98F}
	EndGlobalSection
EndGlobal
